// !$*UTF8*$!
{
	archiveVersion = 1;
	classes = {
	};
	objectVersion = 46;
	objects = {

/* Begin PBXBuildFile section */
		943E60021E67BC1E00B65F48 /* AppDelegate.swift in Sources */ = {isa = PBXBuildFile; fileRef = 943E60011E67BC1E00B65F48 /* AppDelegate.swift */; };
		943E60041E67BC1E00B65F48 /* ViewController.swift in Sources */ = {isa = PBXBuildFile; fileRef = 943E60031E67BC1E00B65F48 /* ViewController.swift */; };
		943E60071E67BC1E00B65F48 /* Main.storyboard in Resources */ = {isa = PBXBuildFile; fileRef = 943E60051E67BC1E00B65F48 /* Main.storyboard */; };
		943E60091E67BC1E00B65F48 /* Assets.xcassets in Resources */ = {isa = PBXBuildFile; fileRef = 943E60081E67BC1E00B65F48 /* Assets.xcassets */; };
		943E600C1E67BC1E00B65F48 /* LaunchScreen.storyboard in Resources */ = {isa = PBXBuildFile; fileRef = 943E600A1E67BC1E00B65F48 /* LaunchScreen.storyboard */; };
/* End PBXBuildFile section */

/* Begin PBXFileReference section */
		943E5FFE1E67BC1E00B65F48 /* Usando Firebase.app */ = {isa = PBXFileReference; explicitFileType = wrapper.application; includeInIndex = 0; path = "Usando Firebase.app"; sourceTree = BUILT_PRODUCTS_DIR; };
		943E60011E67BC1E00B65F48 /* AppDelegate.swift */ = {isa = PBXFileReference; lastKnownFileType = sourcecode.swift; path = AppDelegate.swift; sourceTree = "<group>"; };
		943E60031E67BC1E00B65F48 /* ViewController.swift */ = {isa = PBXFileReference; lastKnownFileType = sourcecode.swift; path = ViewController.swift; sourceTree = "<group>"; };
		943E60061E67BC1E00B65F48 /* Base */ = {isa = PBXFileReference; lastKnownFileType = file.storyboard; name = Base; path = Base.lproj/Main.storyboard; sourceTree = "<group>"; };
		943E60081E67BC1E00B65F48 /* Assets.xcassets */ = {isa = PBXFileReference; lastKnownFileType = folder.assetcatalog; path = Assets.xcassets; sourceTree = "<group>"; };
		943E600B1E67BC1E00B65F48 /* Base */ = {isa = PBXFileReference; lastKnownFileType = file.storyboard; name = Base; path = Base.lproj/LaunchScreen.storyboard; sourceTree = "<group>"; };
		943E600D1E67BC1E00B65F48 /* Info.plist */ = {isa = PBXFileReference; lastKnownFileType = text.plist.xml; path = Info.plist; sourceTree = "<group>"; };
/* End PBXFileReference section */

/* Begin PBXFrameworksBuildPhase section */
		943E5FFB1E67BC1E00B65F48 /* Frameworks */ = {
			isa = PBXFrameworksBuildPhase;
			buildActionMask = 2147483647;
			files = (
			);
			runOnlyForDeploymentPostprocessing = 0;
		};
/* End PBXFrameworksBuildPhase section */

/* Begin PBXGroup section */
		943E5FF51E67BC1E00B65F48 = {
			isa = PBXGroup;
			children = (
				943E60001E67BC1E00B65F48 /* Usando Firebase */,
				943E5FFF1E67BC1E00B65F48 /* Products */,
			);
			sourceTree = "<group>";
		};
		943E5FFF1E67BC1E00B65F48 /* Products */ = {
			isa = PBXGroup;
			children = (
				943E5FFE1E67BC1E00B65F48 /* Usando Firebase.app */,
			);
			name = Products;
			sourceTree = "<group>";
		};
		943E60001E67BC1E00B65F48 /* Usando Firebase */ = {
			isa = PBXGroup;
			children = (
				943E60011E67BC1E00B65F48 /* AppDelegate.swift */,
				943E60031E67BC1E00B65F48 /* ViewController.swift */,
				943E60051E67BC1E00B65F48 /* Main.storyboard */,
				943E60081E67BC1E00B65F48 /* Assets.xcassets */,
				943E600A1E67BC1E00B65F48 /* LaunchScreen.storyboard */,
				943E600D1E67BC1E00B65F48 /* Info.plist */,
			);
			path = "Usando Firebase";
			sourceTree = "<group>";
		};
/* End PBXGroup section */

/* Begin PBXNativeTarget section */
		943E5FFD1E67BC1E00B65F48 /* Usando Firebase */ = {
			isa = PBXNativeTarget;
			buildConfigurationList = 943E60101E67BC1E00B65F48 /* Build configuration list for PBXNativeTarget "Usando Firebase" */;
			buildPhases = (
				943E5FFA1E67BC1E00B65F48 /* Sources */,
				943E5FFB1E67BC1E00B65F48 /* Frameworks */,
				943E5FFC1E67BC1E00B65F48 /* Resources */,
			);
			buildRules = (
			);
			dependencies = (
			);
			name = "Usando Firebase";
			productName = "Usando Firebase";
			productReference = 943E5FFE1E67BC1E00B65F48 /* Usando Firebase.app */;
			productType = "com.apple.product-type.application";
		};
/* End PBXNativeTarget section */

/* Begin PBXProject section */
		943E5FF61E67BC1E00B65F48 /* Project object */ = {
			isa = PBXProject;
			attributes = {
				LastSwiftUpdateCheck = 0820;
				LastUpgradeCheck = 0820;
				ORGANIZATIONNAME = "André Luís  Campopiano";
				TargetAttributes = {
					943E5FFD1E67BC1E00B65F48 = {
						CreatedOnToolsVersion = 8.2.1;
						DevelopmentTeam = K2ZUEY4TKM;
						ProvisioningStyle = Automatic;
					};
				};
			};
			buildConfigurationList = 943E5FF91E67BC1E00B65F48 /* Build configuration list for PBXProject "Usando Firebase" */;
			compatibilityVersion = "Xcode 3.2";
			developmentRegion = English;
			hasScannedForEncodings = 0;
			knownRegions = (
				en,
				Base,
			);
			mainGroup = 943E5FF51E67BC1E00B65F48;
			productRefGroup = 943E5FFF1E67BC1E00B65F48 /* Products */;
			projectDirPath = "";
			projectRoot = "";
			targets = (
				943E5FFD1E67BC1E00B65F48 /* Usando Firebase */,
			);
		};
/* End PBXProject section */

/* Begin PBXResourcesBuildPhase section */
		943E5FFC1E67BC1E00B65F48 /* Resources */ = {
			isa = PBXResourcesBuildPhase;
			buildActionMask = 2147483647;
			files = (
				943E600C1E67BC1E00B65F48 /* LaunchScreen.storyboard in Resources */,
				943E60091E67BC1E00B65F48 /* Assets.xcassets in Resources */,
				943E60071E67BC1E00B65F48 /* Main.storyboard in Resources */,
			);
			runOnlyForDeploymentPostprocessing = 0;
		};
/* End PBXResourcesBuildPhase section */

/* Begin PBXSourcesBuildPhase section */
		943E5FFA1E67BC1E00B65F48 /* Sources */ = {
			isa = PBXSourcesBuildPhase;
			buildActionMask = 2147483647;
			files = (
				943E60041E67BC1E00B65F48 /* ViewController.swift in Sources */,
				943E60021E67BC1E00B65F48 /* AppDelegate.swift in Sources */,
			);
			runOnlyForDeploymentPostprocessing = 0;
		};
/* End PBXSourcesBuildPhase section */

/* Begin PBXVariantGroup section */
		943E60051E67BC1E00B65F48 /* Main.storyboard */ = {
			isa = PBXVariantGroup;
			children = (
				943E60061E67BC1E00B65F48 /* Base */,
			);
			name = Main.storyboard;
			sourceTree = "<group>";
		};
		943E600A1E67BC1E00B65F48 /* LaunchScreen.storyboard */ = {
			isa = PBXVariantGroup;
			children = (
				943E600B1E67BC1E00B65F48 /* Base */,
			);
			name = LaunchScreen.storyboard;
			sourceTree = "<group>";
		};
/* End PBXVariantGroup section */

/* Begin XCBuildConfiguration section */
		943E600E1E67BC1E00B65F48 /* Debug */ = {
			isa = XCBuildConfiguration;
			buildSettings = {
				ALWAYS_SEARCH_USER_PATHS = NO;
				CLANG_ANALYZER_NONNULL = YES;
				CLANG_CXX_LANGUAGE_STANDARD = "gnu++0x";
				CLANG_CXX_LIBRARY = "libc++";
				CLANG_ENABLE_MODULES = YES;
				CLANG_ENABLE_OBJC_ARC = YES;
				CLANG_WARN_BOOL_CONVERSION = YES;
				CLANG_WARN_CONSTANT_CONVERSION = YES;
				CLANG_WARN_DIRECT_OBJC_ISA_USAGE = YES_ERROR;
				CLANG_WARN_DOCUMENTATION_COMMENTS = YES;
				CLANG_WARN_EMPTY_BODY = YES;
				CLANG_WARN_ENUM_CONVERSION = YES;
				CLANG_WARN_INFINITE_RECURSION = YES;
				CLANG_WARN_INT_CONVERSION = YES;
				CLANG_WARN_OBJC_ROOT_CLASS = YES_ERROR;
				CLANG_WARN_SUSPICIOUS_MOVE = YES;
				CLANG_WARN_UNREACHABLE_CODE = YES;
				CLANG_WARN__DUPLICATE_METHOD_MATCH = YES;
				"CODE_SIGN_IDENTITY[sdk=iphoneos*]" = "iPhone Developer";
				COPY_PHASE_STRIP = NO;
				DEBUG_INFORMATION_FORMAT = dwarf;
				ENABLE_STRICT_OBJC_MSGSEND = YES;
				ENABLE_TESTABILITY = YES;
				GCC_C_LANGUAGE_STANDARD = gnu99;
				GCC_DYNAMIC_NO_PIC = NO;
				GCC_NO_COMMON_BLOCKS = YES;
				GCC_OPTIMIZATION_LEVEL = 0;
				GCC_PREPROCESSOR_DEFINITIONS = (
					"DEBUG=1",
					"$(inherited)",
				);
				GCC_WARN_64_TO_32_BIT_CONVERSION = YES;
				GCC_WARN_ABOUT_RETURN_TYPE = YES_ERROR;
				GCC_WARN_UNDECLARED_SELECTOR = YES;
				GCC_WARN_UNINITIALIZED_AUTOS = YES_AGGRESSIVE;
				GCC_WARN_UNUSED_FUNCTION = YES;
				GCC_WARN_UNUSED_VARIABLE = YES;
				IPHONEOS_DEPLOYMENT_TARGET = 10.2;
				MTL_ENABLE_DEBUG_INFO = YES;
				ONLY_ACTIVE_ARCH = YES;
				SDKROOT = iphoneos;
				SWIFT_ACTIVE_COMPILATION_CONDITIONS = DEBUG;
				SWIFT_OPTIMIZATION_LEVEL = "-Onone";
			};
			name = Debug;
		};
		943E600F1E67BC1E00B65F48 /* Release */ = {
			isa = XCBuildConfiguration;
			buildSettings = {
				ALWAYS_SEARCH_USER_PATHS = NO;
				CLANG_ANALYZER_NONNULL = YES;
				CLANG_CXX_LANGUAGE_STANDARD = "gnu++0x";
				CLANG_CXX_LIBRARY = "libc++";
				CLANG_ENABLE_MODULES = YES;
				CLANG_ENABLE_OBJC_ARC = YES;
				CLANG_WARN_BOOL_CONVERSION = YES;
				CLANG_WARN_CONSTANT_CONVERSION = YES;
				CLANG_WARN_DIRECT_OBJC_ISA_USAGE = YES_ERROR;
				CLANG_WARN_DOCUMENTATION_COMMENTS = YES;
				CLANG_WARN_EMPTY_BODY = YES;
				CLANG_WARN_ENUM_CONVERSION = YES;
				CLANG_WARN_INFINITE_RECURSION = YES;
				CLANG_WARN_INT_CONVERSION = YES;
				CLANG_WARN_OBJC_ROOT_CLASS = YES_ERROR;
				CLANG_WARN_SUSPICIOUS_MOVE = YES;
				CLANG_WARN_UNREACHABLE_CODE = YES;
				CLANG_WARN__DUPLICATE_METHOD_MATCH = YES;
				"CODE_SIGN_IDENTITY[sdk=iphoneos*]" = "iPhone Developer";
				COPY_PHASE_STRIP = NO;
				DEBUG_INFORMATION_FORMAT = "dwarf-with-dsym";
				ENABLE_NS_ASSERTIONS = NO;
				ENABLE_STRICT_OBJC_MSGSEND = YES;
				GCC_C_LANGUAGE_STANDARD = gnu99;
				GCC_NO_COMMON_BLOCKS = YES;
				GCC_WARN_64_TO_32_BIT_CONVERSION = YES;
				GCC_WARN_ABOUT_RETURN_TYPE = YES_ERROR;
				GCC_WARN_UNDECLARED_SELECTOR = YES;
				GCC_WARN_UNINITIALIZED_AUTOS = YES_AGGRESSIVE;
				GCC_WARN_UNUSED_FUNCTION = YES;
				GCC_WARN_UNUSED_VARIABLE = YES;
				IPHONEOS_DEPLOYMENT_TARGET = 10.2;
				MTL_ENABLE_DEBUG_INFO = NO;
				SDKROOT = iphoneos;
				SWIFT_OPTIMIZATION_LEVEL = "-Owholemodule";
				VALIDATE_PRODUCT = YES;
			};
			name = Release;
		};
		943E60111E67BC1E00B65F48 /* Debug */ = {
			isa = XCBuildConfiguration;
			buildSettings = {
				ASSETCATALOG_COMPILER_APPICON_NAME = AppIcon;
				DEVELOPMENT_TEAM = K2ZUEY4TKM;
				INFOPLIST_FILE = "Usando Firebase/Info.plist";
				LD_RUNPATH_SEARCH_PATHS = "$(inherited) @executable_path/Frameworks";
				PRODUCT_BUNDLE_IDENTIFIER = "br.com.andrecampopiano.Usando-Firebase";
				PRODUCT_NAME = "$(TARGET_NAME)";
				SWIFT_VERSION = 3.0;
			};
			name = Debug;
		};
		943E60121E67BC1E00B65F48 /* Release */ = {
			isa = XCBuildConfiguration;
			buildSettings = {
				ASSETCATALOG_COMPILER_APPICON_NAME = AppIcon;
				DEVELOPMENT_TEAM = K2ZUEY4TKM;
				INFOPLIST_FILE = "Usando Firebase/Info.plist";
				LD_RUNPATH_SEARCH_PATHS = "$(inherited) @executable_path/Frameworks";
				PRODUCT_BUNDLE_IDENTIFIER = "br.com.andrecampopiano.Usando-Firebase";
				PRODUCT_NAME = "$(TARGET_NAME)";
				SWIFT_VERSION = 3.0;
			};
			name = Release;
		};
/* End XCBuildConfiguration section */

/* Begin XCConfigurationList section */
		943E5FF91E67BC1E00B65F48 /* Build configuration list for PBXProject "Usando Firebase" */ = {
			isa = XCConfigurationList;
			buildConfigurations = (
				943E600E1E67BC1E00B65F48 /* Debug */,
				943E600F1E67BC1E00B65F48 /* Release */,
			);
			defaultConfigurationIsVisible = 0;
			defaultConfigurationName = Release;
		};
		943E60101E67BC1E00B65F48 /* Build configuration list for PBXNativeTarget "Usando Firebase" */ = {
			isa = XCConfigurationList;
			buildConfigurations = (
				943E60111E67BC1E00B65F48 /* Debug */,
				943E60121E67BC1E00B65F48 /* Release */,
			);
			defaultConfigurationIsVisible = 0;
		};
/* End XCConfigurationList section */
	};
	rootObject = 943E5FF61E67BC1E00B65F48 /* Project object */;
}
